
Microsoft Visual Studio Solution File, Format Version 10.00
# Visual Studio 2008
Project("{8BC9CEB8-8B4A-11D0-8D11-00A0C91BC942}") = "snappy_vc2008", "snappy_vc2008.vcproj", "{3CD9B491-B094-4164-B51B-2E2BD1D9EDF1}"
EndProject
Global
	GlobalSection(SolutionConfigurationPlatforms) = preSolution
		Debug|Win32 = Debug|Win32
		Release|Win32 = Release|Win32
	EndGlobalSection
	GlobalSection(ProjectConfigurationPlatforms) = postSolution
		{3CD9B491-B094-4164-B51B-2E2BD1D9EDF1}.Debug|Win32.ActiveCfg = Debug|Win32
		{3CD9B491-B094-4164-B51B-2E2BD1D9EDF1}.Debug|Win32.Build.0 = Debug|Win32
		{3CD9B491-B094-4164-B51B-2E2BD1D9EDF1}.Release|Win32.ActiveCfg = Release|Win32
		{3CD9B491-B094-4164-B51B-2E2BD1D9EDF1}.Release|Win32.Build.0 = Release|Win32
	EndGlobalSection
	GlobalSection(SolutionProperties) = preSolution
		HideSolutionNode = FALSE
	EndGlobalSection
EndGlobal
